
Microsoft Visual Studio Solution File, Format Version 12.00
# Visual Studio Version 17
VisualStudioVersion = 17.6.33723.286
MinimumVisualStudioVersion = 10.0.40219.1
Project("{FAE04EC0-301F-11D3-BF4B-00C04F79EFBC}") = "NetNodeLib", "NetNodeLib.csproj", "{7B81EC07-EC82-46B8-A228-D65111E1EBC2}"
EndProject
Project("{FAE04EC0-301F-11D3-BF4B-00C04F79EFBC}") = "NetNodeExample", "..\NetNodeExample\NetNodeExample.csproj", "{B96AE77C-35FC-4A61-A20A-E0703A4BAE9F}"
EndProject
Global
	GlobalSection(SolutionConfigurationPlatforms) = preSolution
		Debug|Any CPU = Debug|Any CPU
		Release|Any CPU = Release|Any CPU
	EndGlobalSection
	GlobalSection(ProjectConfigurationPlatforms) = postSolution
		{7B81EC07-EC82-46B8-A228-D65111E1EBC2}.Debug|Any CPU.ActiveCfg = Debug|Any CPU
		{7B81EC07-EC82-46B8-A228-D65111E1EBC2}.Debug|Any CPU.Build.0 = Debug|Any CPU
		{7B81EC07-EC82-46B8-A228-D65111E1EBC2}.Release|Any CPU.ActiveCfg = Release|Any CPU
		{7B81EC07-EC82-46B8-A228-D65111E1EBC2}.Release|Any CPU.Build.0 = Release|Any CPU
		{B96AE77C-35FC-4A61-A20A-E0703A4BAE9F}.Debug|Any CPU.ActiveCfg = Debug|Any CPU
		{B96AE77C-35FC-4A61-A20A-E0703A4BAE9F}.Debug|Any CPU.Build.0 = Debug|Any CPU
		{B96AE77C-35FC-4A61-A20A-E0703A4BAE9F}.Release|Any CPU.ActiveCfg = Release|Any CPU
		{B96AE77C-35FC-4A61-A20A-E0703A4BAE9F}.Release|Any CPU.Build.0 = Release|Any CPU
	EndGlobalSection
	GlobalSection(SolutionProperties) = preSolution
		HideSolutionNode = FALSE
	EndGlobalSection
	GlobalSection(ExtensibilityGlobals) = postSolution
		SolutionGuid = {9AFB6C62-5858-429F-9355-4E7C16D28B59}
	EndGlobalSection
EndGlobal
